<?xml version="1.0" encoding="utf-8"?>
<Project ToolsVersion="4.0" xmlns="http://schemas.microsoft.com/developer/msbuild/2003">
  <ItemGroup>
    <ClCompile Include="src\MAIN.cpp" />
    <ClCompile Include="src\frontend\glad.c" />
    <ClCompile Include="src\frontend\Shader.cpp" />
    <ClCompile Include="src\frontend\VBO.cpp" />
    <ClCompile Include="src\frontend\VAO.cpp" />
    <ClCompile Include="src\frontend\EBO.cpp" />
    <ClCompile Include="src\Menu.cpp" />
    <ClCompile Include="src\Map.cpp" />
  </ItemGroup>
  <ItemGroup>
    <ClInclude Include="src\Snake.cpp" />
    <ClInclude Include="src\frontend\Shader.h" />
    <ClInclude Include="src\frontend\VBO.h" />
    <ClInclude Include="src\frontend\VAO.h" />
    <ClInclude Include="src\frontend\EBO.h" />
    <ClInclude Include="src\constants.h" />
    <ClInclude Include="src\Cell.cpp" />
    <ClInclude Include="src\Window.cpp" />
    <ClInclude Include="src\frontend\gladcode.h" />
  </ItemGroup>
</Project>